
Microsoft Visual Studio Solution File, Format Version 12.00
Project("{FAE04EC0-301F-11D3-BF4B-00C04F79EFBC}") = "Valheim.DisplayBepInExInfo", "Valheim.DisplayBepInExInfo\Valheim.DisplayBepInExInfo.csproj", "{F4F4958E-FA86-4CCD-B60A-D0A2879D02BE}"
EndProject
Global
	GlobalSection(SolutionConfigurationPlatforms) = preSolution
		Debug|Any CPU = Debug|Any CPU
		Release|Any CPU = Release|Any CPU
	EndGlobalSection
	GlobalSection(ProjectConfigurationPlatforms) = postSolution
		{F4F4958E-FA86-4CCD-B60A-D0A2879D02BE}.Debug|Any CPU.ActiveCfg = Debug|Any CPU
		{F4F4958E-FA86-4CCD-B60A-D0A2879D02BE}.Debug|Any CPU.Build.0 = Debug|Any CPU
		{F4F4958E-FA86-4CCD-B60A-D0A2879D02BE}.Release|Any CPU.ActiveCfg = Release|Any CPU
		{F4F4958E-FA86-4CCD-B60A-D0A2879D02BE}.Release|Any CPU.Build.0 = Release|Any CPU
	EndGlobalSection
EndGlobal
